
Microsoft Visual Studio Solution File, Format Version 12.00
# Visual Studio Version 17
VisualStudioVersion = 17.10.35122.118
MinimumVisualStudioVersion = 10.0.40219.1
Project("{9A19103F-16F7-4668-BE54-9A1E7A4F7556}") = "WykopInbox", "WykopInbox\WykopInbox.csproj", "{A6C75056-914D-4C9A-8ECA-A05275E93045}"
EndProject
Global
	GlobalSection(SolutionConfigurationPlatforms) = preSolution
		Debug|Any CPU = Debug|Any CPU
		Release|Any CPU = Release|Any CPU
	EndGlobalSection
	GlobalSection(ProjectConfigurationPlatforms) = postSolution
		{A6C75056-914D-4C9A-8ECA-A05275E93045}.Debug|Any CPU.ActiveCfg = Debug|Any CPU
		{A6C75056-914D-4C9A-8ECA-A05275E93045}.Debug|Any CPU.Build.0 = Debug|Any CPU
		{A6C75056-914D-4C9A-8ECA-A05275E93045}.Release|Any CPU.ActiveCfg = Release|Any CPU
		{A6C75056-914D-4C9A-8ECA-A05275E93045}.Release|Any CPU.Build.0 = Release|Any CPU
	EndGlobalSection
	GlobalSection(SolutionProperties) = preSolution
		HideSolutionNode = FALSE
	EndGlobalSection
	GlobalSection(ExtensibilityGlobals) = postSolution
		SolutionGuid = {0F624555-E99B-441A-B810-3FEABF2AA59D}
	EndGlobalSection
EndGlobal
